
Microsoft Visual Studio Solution File, Format Version 12.00
# Visual Studio Version 17
VisualStudioVersion = 17.4.33213.308
MinimumVisualStudioVersion = 10.0.40219.1
Project("{FAE04EC0-301F-11D3-BF4B-00C04F79EFBC}") = "Order.API", "Order.API\Order.API.csproj", "{771002F5-89DF-4174-89F6-602E9F0A90A8}"
EndProject
Project("{FAE04EC0-301F-11D3-BF4B-00C04F79EFBC}") = "Payment.API", "Payment.API\Payment.API.csproj", "{6F4CA2CF-7E07-454F-9081-19B5C1AD308F}"
EndProject
Project("{FAE04EC0-301F-11D3-BF4B-00C04F79EFBC}") = "Stock.API", "Stock.API\Stock.API.csproj", "{5C629471-0507-4D87-BBA2-7B46DA43CCB5}"
EndProject
Project("{FAE04EC0-301F-11D3-BF4B-00C04F79EFBC}") = "Shared", "Shared\Shared.csproj", "{D53435C1-BEA9-4A2B-B60C-4D9B005A4A56}"
EndProject
Global
	GlobalSection(SolutionConfigurationPlatforms) = preSolution
		Debug|Any CPU = Debug|Any CPU
		Release|Any CPU = Release|Any CPU
	EndGlobalSection
	GlobalSection(ProjectConfigurationPlatforms) = postSolution
		{771002F5-89DF-4174-89F6-602E9F0A90A8}.Debug|Any CPU.ActiveCfg = Debug|Any CPU
		{771002F5-89DF-4174-89F6-602E9F0A90A8}.Debug|Any CPU.Build.0 = Debug|Any CPU
		{771002F5-89DF-4174-89F6-602E9F0A90A8}.Release|Any CPU.ActiveCfg = Release|Any CPU
		{771002F5-89DF-4174-89F6-602E9F0A90A8}.Release|Any CPU.Build.0 = Release|Any CPU
		{6F4CA2CF-7E07-454F-9081-19B5C1AD308F}.Debug|Any CPU.ActiveCfg = Debug|Any CPU
		{6F4CA2CF-7E07-454F-9081-19B5C1AD308F}.Debug|Any CPU.Build.0 = Debug|Any CPU
		{6F4CA2CF-7E07-454F-9081-19B5C1AD308F}.Release|Any CPU.ActiveCfg = Release|Any CPU
		{6F4CA2CF-7E07-454F-9081-19B5C1AD308F}.Release|Any CPU.Build.0 = Release|Any CPU
		{5C629471-0507-4D87-BBA2-7B46DA43CCB5}.Debug|Any CPU.ActiveCfg = Debug|Any CPU
		{5C629471-0507-4D87-BBA2-7B46DA43CCB5}.Debug|Any CPU.Build.0 = Debug|Any CPU
		{5C629471-0507-4D87-BBA2-7B46DA43CCB5}.Release|Any CPU.ActiveCfg = Release|Any CPU
		{5C629471-0507-4D87-BBA2-7B46DA43CCB5}.Release|Any CPU.Build.0 = Release|Any CPU
		{D53435C1-BEA9-4A2B-B60C-4D9B005A4A56}.Debug|Any CPU.ActiveCfg = Debug|Any CPU
		{D53435C1-BEA9-4A2B-B60C-4D9B005A4A56}.Debug|Any CPU.Build.0 = Debug|Any CPU
		{D53435C1-BEA9-4A2B-B60C-4D9B005A4A56}.Release|Any CPU.ActiveCfg = Release|Any CPU
		{D53435C1-BEA9-4A2B-B60C-4D9B005A4A56}.Release|Any CPU.Build.0 = Release|Any CPU
	EndGlobalSection
	GlobalSection(SolutionProperties) = preSolution
		HideSolutionNode = FALSE
	EndGlobalSection
	GlobalSection(ExtensibilityGlobals) = postSolution
		SolutionGuid = {9C773ACD-C2D6-4A70-9712-A50716A6899D}
	EndGlobalSection
EndGlobal
